{
  "name": "@vcalendars/scrapers",
  "version": "0.0.1",
  "lockfileVersion": 1,
  "requires": true,
  "dependencies": {
    "@vcalendars/models": {
      "version": "0.0.1",
      "resolved": "https://registry.npmjs.org/@vcalendars/models/-/models-0.0.1.tgz",
      "integrity": "sha512-oEMs7A0FlDGU12jZGBZicxsuwkfCRbAYGAI7xDr2PgnyDM8mMDNzkhPZfOU8I3ScQb6sWDNWPLVWGXIXXtxlYA=="
    }
  }
}
